
Microsoft Visual Studio Solution File, Format Version 12.00
# Visual Studio Version 17
VisualStudioVersion = 17.7.34031.279
MinimumVisualStudioVersion = 10.0.40219.1
Project("{9A19103F-16F7-4668-BE54-9A1E7A4F7556}") = "FilmesAPI", "FilmesAPI\FilmesAPI.csproj", "{BA53B7BE-8DAB-4775-B964-651F7EECF604}"
EndProject
Global
	GlobalSection(SolutionConfigurationPlatforms) = preSolution
		Debug|Any CPU = Debug|Any CPU
		Release|Any CPU = Release|Any CPU
	EndGlobalSection
	GlobalSection(ProjectConfigurationPlatforms) = postSolution
		{BA53B7BE-8DAB-4775-B964-651F7EECF604}.Debug|Any CPU.ActiveCfg = Debug|Any CPU
		{BA53B7BE-8DAB-4775-B964-651F7EECF604}.Debug|Any CPU.Build.0 = Debug|Any CPU
		{BA53B7BE-8DAB-4775-B964-651F7EECF604}.Release|Any CPU.ActiveCfg = Release|Any CPU
		{BA53B7BE-8DAB-4775-B964-651F7EECF604}.Release|Any CPU.Build.0 = Release|Any CPU
	EndGlobalSection
	GlobalSection(SolutionProperties) = preSolution
		HideSolutionNode = FALSE
	EndGlobalSection
	GlobalSection(ExtensibilityGlobals) = postSolution
		SolutionGuid = {CC89F3D2-C70D-4545-893F-F87DA4466D98}
	EndGlobalSection
EndGlobal
